
Microsoft Visual Studio Solution File, Format Version 12.00
# Visual Studio Express 2013 for Windows Desktop
VisualStudioVersion = 12.0.30723.0
MinimumVisualStudioVersion = 10.0.40219.1
Project("{FAE04EC0-301F-11D3-BF4B-00C04F79EFBC}") = "Structures", "Structures\Structures.csproj", "{8112D685-50AC-4724-97A9-07C1093378BD}"
EndProject
Project("{FAE04EC0-301F-11D3-BF4B-00C04F79EFBC}") = "Structures.Tests", "Structures.Tests\Structures.Tests.csproj", "{91D106F4-FC6E-400E-8DFB-A8F9408677CA}"
EndProject
Project("{FAE04EC0-301F-11D3-BF4B-00C04F79EFBC}") = "Sorting", "Sorting\Sorting.csproj", "{39F545ED-8103-413C-B0CB-154A6AE32C3C}"
EndProject
Project("{FAE04EC0-301F-11D3-BF4B-00C04F79EFBC}") = "Sorting.Tests", "Sorting.Tests\Sorting.Tests.csproj", "{8128017F-D9F9-461F-B39B-8A5A0E0332C9}"
EndProject
Project("{FAE04EC0-301F-11D3-BF4B-00C04F79EFBC}") = "Searching", "Searching\Searching.csproj", "{6EC50AC5-1EF9-4EC6-A042-8816804AD98C}"
EndProject
Global
	GlobalSection(SolutionConfigurationPlatforms) = preSolution
		Debug|Any CPU = Debug|Any CPU
		Release|Any CPU = Release|Any CPU
	EndGlobalSection
	GlobalSection(ProjectConfigurationPlatforms) = postSolution
		{8112D685-50AC-4724-97A9-07C1093378BD}.Debug|Any CPU.ActiveCfg = Debug|Any CPU
		{8112D685-50AC-4724-97A9-07C1093378BD}.Debug|Any CPU.Build.0 = Debug|Any CPU
		{8112D685-50AC-4724-97A9-07C1093378BD}.Release|Any CPU.ActiveCfg = Release|Any CPU
		{8112D685-50AC-4724-97A9-07C1093378BD}.Release|Any CPU.Build.0 = Release|Any CPU
		{91D106F4-FC6E-400E-8DFB-A8F9408677CA}.Debug|Any CPU.ActiveCfg = Debug|Any CPU
		{91D106F4-FC6E-400E-8DFB-A8F9408677CA}.Debug|Any CPU.Build.0 = Debug|Any CPU
		{91D106F4-FC6E-400E-8DFB-A8F9408677CA}.Release|Any CPU.ActiveCfg = Release|Any CPU
		{91D106F4-FC6E-400E-8DFB-A8F9408677CA}.Release|Any CPU.Build.0 = Release|Any CPU
		{39F545ED-8103-413C-B0CB-154A6AE32C3C}.Debug|Any CPU.ActiveCfg = Debug|Any CPU
		{39F545ED-8103-413C-B0CB-154A6AE32C3C}.Debug|Any CPU.Build.0 = Debug|Any CPU
		{39F545ED-8103-413C-B0CB-154A6AE32C3C}.Release|Any CPU.ActiveCfg = Release|Any CPU
		{39F545ED-8103-413C-B0CB-154A6AE32C3C}.Release|Any CPU.Build.0 = Release|Any CPU
		{8128017F-D9F9-461F-B39B-8A5A0E0332C9}.Debug|Any CPU.ActiveCfg = Debug|Any CPU
		{8128017F-D9F9-461F-B39B-8A5A0E0332C9}.Debug|Any CPU.Build.0 = Debug|Any CPU
		{8128017F-D9F9-461F-B39B-8A5A0E0332C9}.Release|Any CPU.ActiveCfg = Release|Any CPU
		{8128017F-D9F9-461F-B39B-8A5A0E0332C9}.Release|Any CPU.Build.0 = Release|Any CPU
		{6EC50AC5-1EF9-4EC6-A042-8816804AD98C}.Debug|Any CPU.ActiveCfg = Debug|Any CPU
		{6EC50AC5-1EF9-4EC6-A042-8816804AD98C}.Debug|Any CPU.Build.0 = Debug|Any CPU
		{6EC50AC5-1EF9-4EC6-A042-8816804AD98C}.Release|Any CPU.ActiveCfg = Release|Any CPU
		{6EC50AC5-1EF9-4EC6-A042-8816804AD98C}.Release|Any CPU.Build.0 = Release|Any CPU
	EndGlobalSection
	GlobalSection(SolutionProperties) = preSolution
		HideSolutionNode = FALSE
	EndGlobalSection
EndGlobal
